// !$*UTF8*$!
{
	archiveVersion = 1;
	classes = {
	};
	objectVersion = 77;
	objects = {

/* Begin PBXBuildFile section */
		5AB2A0012FCFDAC800DCDC5F /* Sub2APIQuotaDialWidget in Frameworks */ = {isa = PBXBuildFile; productRef = 5AB2A1022FCFDAC800DCDC5F /* Sub2APIQuotaDialWidget */; };
		5AB2A0022FCFDAC800DCDC5F /* Sub2APIQuotaCore in Frameworks */ = {isa = PBXBuildFile; productRef = 5AB2A1012FCFDAC800DCDC5F /* Sub2APIQuotaCore */; };
		C1A0DE012FCFDAC800DCDC5F /* ClaudeQuotaDialWidget in Frameworks */ = {isa = PBXBuildFile; productRef = C1A0DE122FCFDAC800DCDC5F /* ClaudeQuotaDialWidget */; };
		C1A0DE022FCFDAC800DCDC5F /* ClaudeQuotaCore in Frameworks */ = {isa = PBXBuildFile; productRef = C1A0DE112FCFDAC800DCDC5F /* ClaudeQuotaCore */; };
		C0DE00012FCFDAC800DCDC5F /* GLMQuotaDialWidget in Frameworks */ = {isa = PBXBuildFile; productRef = C0DE10022FCFDAC800DCDC5F /* GLMQuotaDialWidget */; };
		C0DE00022FCFDAC800DCDC5F /* GLMQuotaCore in Frameworks */ = {isa = PBXBuildFile; productRef = C0DE10012FCFDAC800DCDC5F /* GLMQuotaCore */; };
		AC0DE0012FCFDAC800DCDC5F /* AntigravityQuotaDialWidget in Frameworks */ = {isa = PBXBuildFile; productRef = AC0DE1022FCFDAC800DCDC5F /* AntigravityQuotaDialWidget */; };
		AC0DE0022FCFDAC800DCDC5F /* AntigravityQuotaCore in Frameworks */ = {isa = PBXBuildFile; productRef = AC0DE1012FCFDAC800DCDC5F /* AntigravityQuotaCore */; };
			55A6E0012FCFDAC800DCDC5F /* UsageQuotaDialWidget in Frameworks */ = {isa = PBXBuildFile; productRef = 55A6E1022FCFDAC800DCDC5F /* UsageQuotaDialWidget */; };
			55A6E0022FCFDAC800DCDC5F /* UsageQuotaCore in Frameworks */ = {isa = PBXBuildFile; productRef = 55A6E1012FCFDAC800DCDC5F /* UsageQuotaCore */; };
			515550524F43303200000001 /* QuotaProcessSupport in Frameworks */ = {isa = PBXBuildFile; productRef = 515550524F43303100000001 /* QuotaProcessSupport */; };
			731C19542FCFDAC800DCDC5F /* CodexQuotaDialWidget in Frameworks */ = {isa = PBXBuildFile; productRef = 733BD9562FD00C1A004980CA /* CodexQuotaDialWidget */; };
		733BD9362FCFD3A3004980CA /* CodexQuotaCore in Frameworks */ = {isa = PBXBuildFile; productRef = 733BD9352FCFD3A3004980CA /* CodexQuotaCore */; };
		733BD93E2FCFD469004980CA /* WidgetKit.framework in Frameworks */ = {isa = PBXBuildFile; fileRef = 733BD93D2FCFD469004980CA /* WidgetKit.framework */; };
		733BD9402FCFD469004980CA /* SwiftUI.framework in Frameworks */ = {isa = PBXBuildFile; fileRef = 733BD93F2FCFD469004980CA /* SwiftUI.framework */; };
		733BD94F2FCFD46A004980CA /* CodeQuotaDialWidgetExtension.appex in Embed Foundation Extensions */ = {isa = PBXBuildFile; fileRef = 733BD93B2FCFD469004980CA /* CodeQuotaDialWidgetExtension.appex */; settings = {ATTRIBUTES = (RemoveHeadersOnCopy, ); }; };
/* End PBXBuildFile section */

/* Begin PBXContainerItemProxy section */
		733BD94D2FCFD46A004980CA /* PBXContainerItemProxy */ = {
			isa = PBXContainerItemProxy;
			containerPortal = 733BD91E2FCFD2C0004980CA /* Project object */;
			proxyType = 1;
			remoteGlobalIDString = 733BD93A2FCFD469004980CA;
			remoteInfo = CodeQuotaDialWidgetExtension;
		};
/* End PBXContainerItemProxy section */

/* Begin PBXCopyFilesBuildPhase section */
		733BD9542FCFD46A004980CA /* Embed Foundation Extensions */ = {
			isa = PBXCopyFilesBuildPhase;
			buildActionMask = 2147483647;
			dstPath = "";
			dstSubfolderSpec = 13;
			files = (
				733BD94F2FCFD46A004980CA /* CodeQuotaDialWidgetExtension.appex in Embed Foundation Extensions */,
			);
			name = "Embed Foundation Extensions";
			runOnlyForDeploymentPostprocessing = 0;
		};
/* End PBXCopyFilesBuildPhase section */

/* Begin PBXFileReference section */
		733BD9262FCFD2C0004980CA /* CodeQuotaDialXcode.app */ = {isa = PBXFileReference; explicitFileType = wrapper.application; includeInIndex = 0; path = CodeQuotaDialXcode.app; sourceTree = BUILT_PRODUCTS_DIR; };
		733BD93B2FCFD469004980CA /* CodeQuotaDialWidgetExtension.appex */ = {isa = PBXFileReference; explicitFileType = "wrapper.app-extension"; includeInIndex = 0; path = CodeQuotaDialWidgetExtension.appex; sourceTree = BUILT_PRODUCTS_DIR; };
		733BD93D2FCFD469004980CA /* WidgetKit.framework */ = {isa = PBXFileReference; lastKnownFileType = wrapper.framework; name = WidgetKit.framework; path = System/Library/Frameworks/WidgetKit.framework; sourceTree = SDKROOT; };
		733BD93F2FCFD469004980CA /* SwiftUI.framework */ = {isa = PBXFileReference; lastKnownFileType = wrapper.framework; name = SwiftUI.framework; path = System/Library/Frameworks/SwiftUI.framework; sourceTree = SDKROOT; };
		733BD9552FCFD718004980CA /* CodeQuotaDialWidgetExtension.entitlements */ = {isa = PBXFileReference; lastKnownFileType = text.plist.entitlements; path = CodeQuotaDialWidgetExtension.entitlements; sourceTree = "<group>"; };
/* End PBXFileReference section */

/* Begin PBXFileSystemSynchronizedBuildFileExceptionSet section */
		733BD9502FCFD46A004980CA /* Exceptions for "CodeQuotaDialWidget" folder in "CodeQuotaDialWidgetExtension" target */ = {
			isa = PBXFileSystemSynchronizedBuildFileExceptionSet;
			membershipExceptions = (
				Info.plist,
			);
			target = 733BD93A2FCFD469004980CA /* CodeQuotaDialWidgetExtension */;
		};
/* End PBXFileSystemSynchronizedBuildFileExceptionSet section */

/* Begin PBXFileSystemSynchronizedRootGroup section */
		733BD9282FCFD2C0004980CA /* CodeQuotaDialXcode */ = {
			isa = PBXFileSystemSynchronizedRootGroup;
			path = CodeQuotaDialXcode;
			sourceTree = "<group>";
		};
		733BD9412FCFD469004980CA /* CodeQuotaDialWidget */ = {
			isa = PBXFileSystemSynchronizedRootGroup;
			exceptions = (
				733BD9502FCFD46A004980CA /* Exceptions for "CodeQuotaDialWidget" folder in "CodeQuotaDialWidgetExtension" target */,
			);
			path = CodeQuotaDialWidget;
			sourceTree = "<group>";
		};
/* End PBXFileSystemSynchronizedRootGroup section */

/* Begin PBXFrameworksBuildPhase section */
		733BD9232FCFD2C0004980CA /* Frameworks */ = {
			isa = PBXFrameworksBuildPhase;
			buildActionMask = 2147483647;
			files = (
				C1A0DE022FCFDAC800DCDC5F /* ClaudeQuotaCore in Frameworks */,
				C0DE00022FCFDAC800DCDC5F /* GLMQuotaCore in Frameworks */,
					5AB2A0022FCFDAC800DCDC5F /* Sub2APIQuotaCore in Frameworks */,
					AC0DE0022FCFDAC800DCDC5F /* AntigravityQuotaCore in Frameworks */,
					55A6E0022FCFDAC800DCDC5F /* UsageQuotaCore in Frameworks */,
					515550524F43303200000001 /* QuotaProcessSupport in Frameworks */,
					733BD9362FCFD3A3004980CA /* CodexQuotaCore in Frameworks */,
			);
			runOnlyForDeploymentPostprocessing = 0;
		};
		733BD9382FCFD469004980CA /* Frameworks */ = {
			isa = PBXFrameworksBuildPhase;
			buildActionMask = 2147483647;
			files = (
				C1A0DE012FCFDAC800DCDC5F /* ClaudeQuotaDialWidget in Frameworks */,
				C0DE00012FCFDAC800DCDC5F /* GLMQuotaDialWidget in Frameworks */,
				AC0DE0012FCFDAC800DCDC5F /* AntigravityQuotaDialWidget in Frameworks */,
				5AB2A0012FCFDAC800DCDC5F /* Sub2APIQuotaDialWidget in Frameworks */,
				55A6E0012FCFDAC800DCDC5F /* UsageQuotaDialWidget in Frameworks */,
				731C19542FCFDAC800DCDC5F /* CodexQuotaDialWidget in Frameworks */,
				733BD9402FCFD469004980CA /* SwiftUI.framework in Frameworks */,
				733BD93E2FCFD469004980CA /* WidgetKit.framework in Frameworks */,
			);
			runOnlyForDeploymentPostprocessing = 0;
		};
/* End PBXFrameworksBuildPhase section */

/* Begin PBXGroup section */
		733BD91D2FCFD2C0004980CA = {
			isa = PBXGroup;
			children = (
				733BD9552FCFD718004980CA /* CodeQuotaDialWidgetExtension.entitlements */,
				733BD9282FCFD2C0004980CA /* CodeQuotaDialXcode */,
				733BD9412FCFD469004980CA /* CodeQuotaDialWidget */,
				733BD93C2FCFD469004980CA /* Frameworks */,
				733BD9272FCFD2C0004980CA /* Products */,
			);
			sourceTree = "<group>";
		};
		733BD9272FCFD2C0004980CA /* Products */ = {
			isa = PBXGroup;
			children = (
				733BD9262FCFD2C0004980CA /* CodeQuotaDialXcode.app */,
				733BD93B2FCFD469004980CA /* CodeQuotaDialWidgetExtension.appex */,
			);
			name = Products;
			sourceTree = "<group>";
		};
		733BD93C2FCFD469004980CA /* Frameworks */ = {
			isa = PBXGroup;
			children = (
				733BD93D2FCFD469004980CA /* WidgetKit.framework */,
				733BD93F2FCFD469004980CA /* SwiftUI.framework */,
			);
			name = Frameworks;
			sourceTree = "<group>";
		};
/* End PBXGroup section */

/* Begin PBXNativeTarget section */
		733BD9252FCFD2C0004980CA /* CodeQuotaDialXcode */ = {
			isa = PBXNativeTarget;
			buildConfigurationList = 733BD9312FCFD2C1004980CA /* Build configuration list for PBXNativeTarget "CodeQuotaDialXcode" */;
			buildPhases = (
				733BD9222FCFD2C0004980CA /* Sources */,
				733BD9232FCFD2C0004980CA /* Frameworks */,
				733BD9242FCFD2C0004980CA /* Resources */,
				733BD9542FCFD46A004980CA /* Embed Foundation Extensions */,
			);
			buildRules = (
			);
			dependencies = (
				733BD94E2FCFD46A004980CA /* PBXTargetDependency */,
			);
			fileSystemSynchronizedGroups = (
				733BD9282FCFD2C0004980CA /* CodeQuotaDialXcode */,
			);
			name = CodeQuotaDialXcode;
			packageProductDependencies = (
				733BD9352FCFD3A3004980CA /* CodexQuotaCore */,
				C1A0DE112FCFDAC800DCDC5F /* ClaudeQuotaCore */,
					C0DE10012FCFDAC800DCDC5F /* GLMQuotaCore */,
					AC0DE1012FCFDAC800DCDC5F /* AntigravityQuotaCore */,
					5AB2A1012FCFDAC800DCDC5F /* Sub2APIQuotaCore */,
					55A6E1012FCFDAC800DCDC5F /* UsageQuotaCore */,
					515550524F43303100000001 /* QuotaProcessSupport */,
				);
			productName = CodeQuotaDialXcode;
			productReference = 733BD9262FCFD2C0004980CA /* CodeQuotaDialXcode.app */;
			productType = "com.apple.product-type.application";
		};
		733BD93A2FCFD469004980CA /* CodeQuotaDialWidgetExtension */ = {
			isa = PBXNativeTarget;
			buildConfigurationList = 733BD9512FCFD46A004980CA /* Build configuration list for PBXNativeTarget "CodeQuotaDialWidgetExtension" */;
			buildPhases = (
				733BD9372FCFD469004980CA /* Sources */,
				733BD9382FCFD469004980CA /* Frameworks */,
				733BD9392FCFD469004980CA /* Resources */,
			);
			buildRules = (
			);
			dependencies = (
			);
			fileSystemSynchronizedGroups = (
				733BD9412FCFD469004980CA /* CodeQuotaDialWidget */,
			);
			name = CodeQuotaDialWidgetExtension;
			packageProductDependencies = (
				733BD9562FD00C1A004980CA /* CodexQuotaDialWidget */,
				C1A0DE122FCFDAC800DCDC5F /* ClaudeQuotaDialWidget */,
				C0DE10022FCFDAC800DCDC5F /* GLMQuotaDialWidget */,
				AC0DE1022FCFDAC800DCDC5F /* AntigravityQuotaDialWidget */,
				5AB2A1022FCFDAC800DCDC5F /* Sub2APIQuotaDialWidget */,
				55A6E1022FCFDAC800DCDC5F /* UsageQuotaDialWidget */,
			);
			productName = CodeQuotaDialWidgetExtension;
			productReference = 733BD93B2FCFD469004980CA /* CodeQuotaDialWidgetExtension.appex */;
			productType = "com.apple.product-type.app-extension";
		};
/* End PBXNativeTarget section */

/* Begin PBXProject section */
		733BD91E2FCFD2C0004980CA /* Project object */ = {
			isa = PBXProject;
			attributes = {
				BuildIndependentTargetsInParallel = 1;
				LastSwiftUpdateCheck = 2650;
				LastUpgradeCheck = 2650;
				TargetAttributes = {
					733BD9252FCFD2C0004980CA = {
						CreatedOnToolsVersion = 26.5;
						LastSwiftMigration = 2650;
					};
					733BD93A2FCFD469004980CA = {
						CreatedOnToolsVersion = 26.5;
					};
				};
			};
			buildConfigurationList = 733BD9212FCFD2C0004980CA /* Build configuration list for PBXProject "CodeQuotaDialXcode" */;
			developmentRegion = en;
			hasScannedForEncodings = 0;
			knownRegions = (
				en,
				Base,
			);
			mainGroup = 733BD91D2FCFD2C0004980CA;
			minimizedProjectReferenceProxies = 1;
			packageReferences = (
				733BD9342FCFD3A3004980CA /* XCLocalSwiftPackageReference ".." */,
			);
			preferredProjectObjectVersion = 77;
			productRefGroup = 733BD9272FCFD2C0004980CA /* Products */;
			projectDirPath = "";
			projectRoot = "";
			targets = (
				733BD9252FCFD2C0004980CA /* CodeQuotaDialXcode */,
				733BD93A2FCFD469004980CA /* CodeQuotaDialWidgetExtension */,
			);
		};
/* End PBXProject section */

/* Begin PBXResourcesBuildPhase section */
		733BD9242FCFD2C0004980CA /* Resources */ = {
			isa = PBXResourcesBuildPhase;
			buildActionMask = 2147483647;
			files = (
			);
			runOnlyForDeploymentPostprocessing = 0;
		};
		733BD9392FCFD469004980CA /* Resources */ = {
			isa = PBXResourcesBuildPhase;
			buildActionMask = 2147483647;
			files = (
			);
			runOnlyForDeploymentPostprocessing = 0;
		};
/* End PBXResourcesBuildPhase section */

/* Begin PBXSourcesBuildPhase section */
		733BD9222FCFD2C0004980CA /* Sources */ = {
			isa = PBXSourcesBuildPhase;
			buildActionMask = 2147483647;
			files = (
			);
			runOnlyForDeploymentPostprocessing = 0;
		};
		733BD9372FCFD469004980CA /* Sources */ = {
			isa = PBXSourcesBuildPhase;
			buildActionMask = 2147483647;
			files = (
			);
			runOnlyForDeploymentPostprocessing = 0;
		};
/* End PBXSourcesBuildPhase section */

/* Begin PBXTargetDependency section */
		733BD94E2FCFD46A004980CA /* PBXTargetDependency */ = {
			isa = PBXTargetDependency;
			target = 733BD93A2FCFD469004980CA /* CodeQuotaDialWidgetExtension */;
			targetProxy = 733BD94D2FCFD46A004980CA /* PBXContainerItemProxy */;
		};
/* End PBXTargetDependency section */

/* Begin XCBuildConfiguration section */
		733BD92F2FCFD2C1004980CA /* Debug */ = {
			isa = XCBuildConfiguration;
			buildSettings = {
				ALWAYS_SEARCH_USER_PATHS = NO;
				ASSETCATALOG_COMPILER_GENERATE_SWIFT_ASSET_SYMBOL_EXTENSIONS = YES;
				ASSETCATALOG_COMPILER_APPICON_NAME = AppIcon;
				CLANG_ANALYZER_NONNULL = YES;
				CLANG_ANALYZER_NUMBER_OBJECT_CONVERSION = YES_AGGRESSIVE;
				CLANG_CXX_LANGUAGE_STANDARD = "gnu++20";
				CLANG_ENABLE_MODULES = YES;
				CLANG_ENABLE_OBJC_ARC = YES;
				CLANG_ENABLE_OBJC_WEAK = YES;
				CLANG_WARN_BLOCK_CAPTURE_AUTORELEASING = YES;
				CLANG_WARN_BOOL_CONVERSION = YES;
				CLANG_WARN_COMMA = YES;
				CLANG_WARN_CONSTANT_CONVERSION = YES;
				CLANG_WARN_DEPRECATED_OBJC_IMPLEMENTATIONS = YES;
				CLANG_WARN_DIRECT_OBJC_ISA_USAGE = YES_ERROR;
				CLANG_WARN_DOCUMENTATION_COMMENTS = YES;
				CLANG_WARN_EMPTY_BODY = YES;
				CLANG_WARN_ENUM_CONVERSION = YES;
				CLANG_WARN_INFINITE_RECURSION = YES;
				CLANG_WARN_INT_CONVERSION = YES;
				CLANG_WARN_NON_LITERAL_NULL_CONVERSION = YES;
				CLANG_WARN_OBJC_IMPLICIT_RETAIN_SELF = YES;
				CLANG_WARN_OBJC_LITERAL_CONVERSION = YES;
				CLANG_WARN_OBJC_ROOT_CLASS = YES_ERROR;
				CLANG_WARN_QUOTED_INCLUDE_IN_FRAMEWORK_HEADER = YES;
				CLANG_WARN_RANGE_LOOP_ANALYSIS = YES;
				CLANG_WARN_STRICT_PROTOTYPES = YES;
				CLANG_WARN_SUSPICIOUS_MOVE = YES;
				CLANG_WARN_UNGUARDED_AVAILABILITY = YES_AGGRESSIVE;
				CLANG_WARN_UNREACHABLE_CODE = YES;
				CLANG_WARN__DUPLICATE_METHOD_MATCH = YES;
				COPY_PHASE_STRIP = NO;
				DEBUG_INFORMATION_FORMAT = dwarf;
				ENABLE_STRICT_OBJC_MSGSEND = YES;
				ENABLE_TESTABILITY = YES;
				ENABLE_USER_SCRIPT_SANDBOXING = YES;
				GCC_C_LANGUAGE_STANDARD = gnu17;
				GCC_DYNAMIC_NO_PIC = NO;
				GCC_NO_COMMON_BLOCKS = YES;
				GCC_OPTIMIZATION_LEVEL = 0;
				GCC_PREPROCESSOR_DEFINITIONS = (
					"DEBUG=1",
					"$(inherited)",
				);
				GCC_WARN_64_TO_32_BIT_CONVERSION = YES;
				GCC_WARN_ABOUT_RETURN_TYPE = YES_ERROR;
				GCC_WARN_UNDECLARED_SELECTOR = YES;
				GCC_WARN_UNINITIALIZED_AUTOS = YES_AGGRESSIVE;
				GCC_WARN_UNUSED_FUNCTION = YES;
				GCC_WARN_UNUSED_VARIABLE = YES;
				LOCALIZATION_PREFERS_STRING_CATALOGS = YES;
				MTL_ENABLE_DEBUG_INFO = INCLUDE_SOURCE;
				MTL_FAST_MATH = YES;
				ONLY_ACTIVE_ARCH = YES;
				SWIFT_ACTIVE_COMPILATION_CONDITIONS = "DEBUG $(inherited)";
				SWIFT_OPTIMIZATION_LEVEL = "-Onone";
			};
			name = Debug;
		};
		733BD9302FCFD2C1004980CA /* Release */ = {
			isa = XCBuildConfiguration;
			buildSettings = {
				ALWAYS_SEARCH_USER_PATHS = NO;
				ASSETCATALOG_COMPILER_GENERATE_SWIFT_ASSET_SYMBOL_EXTENSIONS = YES;
				ASSETCATALOG_COMPILER_APPICON_NAME = AppIcon;
				CLANG_ANALYZER_NONNULL = YES;
				CLANG_ANALYZER_NUMBER_OBJECT_CONVERSION = YES_AGGRESSIVE;
				CLANG_CXX_LANGUAGE_STANDARD = "gnu++20";
				CLANG_ENABLE_MODULES = YES;
				CLANG_ENABLE_OBJC_ARC = YES;
				CLANG_ENABLE_OBJC_WEAK = YES;
				CLANG_WARN_BLOCK_CAPTURE_AUTORELEASING = YES;
				CLANG_WARN_BOOL_CONVERSION = YES;
				CLANG_WARN_COMMA = YES;
				CLANG_WARN_CONSTANT_CONVERSION = YES;
				CLANG_WARN_DEPRECATED_OBJC_IMPLEMENTATIONS = YES;
				CLANG_WARN_DIRECT_OBJC_ISA_USAGE = YES_ERROR;
				CLANG_WARN_DOCUMENTATION_COMMENTS = YES;
				CLANG_WARN_EMPTY_BODY = YES;
				CLANG_WARN_ENUM_CONVERSION = YES;
				CLANG_WARN_INFINITE_RECURSION = YES;
				CLANG_WARN_INT_CONVERSION = YES;
				CLANG_WARN_NON_LITERAL_NULL_CONVERSION = YES;
				CLANG_WARN_OBJC_IMPLICIT_RETAIN_SELF = YES;
				CLANG_WARN_OBJC_LITERAL_CONVERSION = YES;
				CLANG_WARN_OBJC_ROOT_CLASS = YES_ERROR;
				CLANG_WARN_QUOTED_INCLUDE_IN_FRAMEWORK_HEADER = YES;
				CLANG_WARN_RANGE_LOOP_ANALYSIS = YES;
				CLANG_WARN_STRICT_PROTOTYPES = YES;
				CLANG_WARN_SUSPICIOUS_MOVE = YES;
				CLANG_WARN_UNGUARDED_AVAILABILITY = YES_AGGRESSIVE;
				CLANG_WARN_UNREACHABLE_CODE = YES;
				CLANG_WARN__DUPLICATE_METHOD_MATCH = YES;
				COPY_PHASE_STRIP = NO;
				DEBUG_INFORMATION_FORMAT = "dwarf-with-dsym";
				ENABLE_NS_ASSERTIONS = NO;
				ENABLE_STRICT_OBJC_MSGSEND = YES;
				ENABLE_USER_SCRIPT_SANDBOXING = YES;
				GCC_C_LANGUAGE_STANDARD = gnu17;
				GCC_NO_COMMON_BLOCKS = YES;
				GCC_WARN_64_TO_32_BIT_CONVERSION = YES;
				GCC_WARN_ABOUT_RETURN_TYPE = YES_ERROR;
				GCC_WARN_UNDECLARED_SELECTOR = YES;
				GCC_WARN_UNINITIALIZED_AUTOS = YES_AGGRESSIVE;
				GCC_WARN_UNUSED_FUNCTION = YES;
				GCC_WARN_UNUSED_VARIABLE = YES;
				LOCALIZATION_PREFERS_STRING_CATALOGS = YES;
				MTL_ENABLE_DEBUG_INFO = NO;
				MTL_FAST_MATH = YES;
				SWIFT_COMPILATION_MODE = wholemodule;
			};
			name = Release;
		};
		733BD9322FCFD2C1004980CA /* Debug */ = {
			isa = XCBuildConfiguration;
			buildSettings = {
				ASSETCATALOG_COMPILER_APPICON_NAME = AppIcon;
				CLANG_ENABLE_MODULES = YES;
				CODE_SIGN_ENTITLEMENTS = CodeQuotaDialXcode/CodeQuotaDialXcode.entitlements;
				CODE_SIGN_STYLE = Automatic;
				CURRENT_PROJECT_VERSION = 1;
				DEVELOPMENT_TEAM = __TEAM_ID__;
				ENABLE_APP_SANDBOX = NO;
				ENABLE_PREVIEWS = YES;
				GENERATE_INFOPLIST_FILE = YES;
				"INFOPLIST_KEY_UIApplicationSceneManifest_Generation[sdk=iphoneos*]" = YES;
				"INFOPLIST_KEY_UIApplicationSceneManifest_Generation[sdk=iphonesimulator*]" = YES;
				"INFOPLIST_KEY_UIApplicationSupportsIndirectInputEvents[sdk=iphoneos*]" = YES;
				"INFOPLIST_KEY_UIApplicationSupportsIndirectInputEvents[sdk=iphonesimulator*]" = YES;
				"INFOPLIST_KEY_UILaunchScreen_Generation[sdk=iphoneos*]" = YES;
				"INFOPLIST_KEY_UILaunchScreen_Generation[sdk=iphonesimulator*]" = YES;
				"INFOPLIST_KEY_UIStatusBarStyle[sdk=iphoneos*]" = UIStatusBarStyleDefault;
				"INFOPLIST_KEY_UIStatusBarStyle[sdk=iphonesimulator*]" = UIStatusBarStyleDefault;
				INFOPLIST_KEY_UISupportedInterfaceOrientations_iPad = "UIInterfaceOrientationPortrait UIInterfaceOrientationPortraitUpsideDown UIInterfaceOrientationLandscapeLeft UIInterfaceOrientationLandscapeRight";
				INFOPLIST_KEY_UISupportedInterfaceOrientations_iPhone = "UIInterfaceOrientationPortrait UIInterfaceOrientationLandscapeLeft UIInterfaceOrientationLandscapeRight";
				LD_RUNPATH_SEARCH_PATHS = "@executable_path/Frameworks";
				"LD_RUNPATH_SEARCH_PATHS[sdk=macosx*]" = "@executable_path/../Frameworks";
				MACOSX_DEPLOYMENT_TARGET = 14.0;
				MARKETING_VERSION = 1.0;
				PRODUCT_BUNDLE_IDENTIFIER = BUPT.CodeQuotaDialXcode;
				PRODUCT_NAME = "$(TARGET_NAME)";
				REGISTER_APP_GROUPS = YES;
				SDKROOT = macosx;
				STRING_CATALOG_GENERATE_SYMBOLS = YES;
				SUPPORTED_PLATFORMS = macosx;
				SWIFT_APPROACHABLE_CONCURRENCY = YES;
				SWIFT_DEFAULT_ACTOR_ISOLATION = MainActor;
				SWIFT_EMIT_LOC_STRINGS = YES;
				SWIFT_OPTIMIZATION_LEVEL = "-Onone";
				SWIFT_UPCOMING_FEATURE_MEMBER_IMPORT_VISIBILITY = YES;
				SWIFT_VERSION = 5.0;
				TARGETED_DEVICE_FAMILY = 7;
			};
			name = Debug;
		};
		733BD9332FCFD2C1004980CA /* Release */ = {
			isa = XCBuildConfiguration;
			buildSettings = {
				ASSETCATALOG_COMPILER_APPICON_NAME = AppIcon;
				CLANG_ENABLE_MODULES = YES;
				CODE_SIGN_ENTITLEMENTS = CodeQuotaDialXcode/CodeQuotaDialXcode.entitlements;
				CODE_SIGN_STYLE = Automatic;
				CURRENT_PROJECT_VERSION = 1;
				DEVELOPMENT_TEAM = __TEAM_ID__;
				ENABLE_APP_SANDBOX = NO;
				ENABLE_PREVIEWS = YES;
				GENERATE_INFOPLIST_FILE = YES;
				"INFOPLIST_KEY_UIApplicationSceneManifest_Generation[sdk=iphoneos*]" = YES;
				"INFOPLIST_KEY_UIApplicationSceneManifest_Generation[sdk=iphonesimulator*]" = YES;
				"INFOPLIST_KEY_UIApplicationSupportsIndirectInputEvents[sdk=iphoneos*]" = YES;
				"INFOPLIST_KEY_UIApplicationSupportsIndirectInputEvents[sdk=iphonesimulator*]" = YES;
				"INFOPLIST_KEY_UILaunchScreen_Generation[sdk=iphoneos*]" = YES;
				"INFOPLIST_KEY_UILaunchScreen_Generation[sdk=iphonesimulator*]" = YES;
				"INFOPLIST_KEY_UIStatusBarStyle[sdk=iphoneos*]" = UIStatusBarStyleDefault;
				"INFOPLIST_KEY_UIStatusBarStyle[sdk=iphonesimulator*]" = UIStatusBarStyleDefault;
				INFOPLIST_KEY_UISupportedInterfaceOrientations_iPad = "UIInterfaceOrientationPortrait UIInterfaceOrientationPortraitUpsideDown UIInterfaceOrientationLandscapeLeft UIInterfaceOrientationLandscapeRight";
				INFOPLIST_KEY_UISupportedInterfaceOrientations_iPhone = "UIInterfaceOrientationPortrait UIInterfaceOrientationLandscapeLeft UIInterfaceOrientationLandscapeRight";
				LD_RUNPATH_SEARCH_PATHS = "@executable_path/Frameworks";
				"LD_RUNPATH_SEARCH_PATHS[sdk=macosx*]" = "@executable_path/../Frameworks";
				MACOSX_DEPLOYMENT_TARGET = 14.0;
				MARKETING_VERSION = 1.0;
				PRODUCT_BUNDLE_IDENTIFIER = BUPT.CodeQuotaDialXcode;
				PRODUCT_NAME = "$(TARGET_NAME)";
				REGISTER_APP_GROUPS = YES;
				SDKROOT = macosx;
				STRING_CATALOG_GENERATE_SYMBOLS = YES;
				SUPPORTED_PLATFORMS = macosx;
				SWIFT_APPROACHABLE_CONCURRENCY = YES;
				SWIFT_DEFAULT_ACTOR_ISOLATION = MainActor;
				SWIFT_EMIT_LOC_STRINGS = YES;
				SWIFT_UPCOMING_FEATURE_MEMBER_IMPORT_VISIBILITY = YES;
				SWIFT_VERSION = 5.0;
				TARGETED_DEVICE_FAMILY = 7;
			};
			name = Release;
		};
		733BD9522FCFD46A004980CA /* Debug */ = {
			isa = XCBuildConfiguration;
			buildSettings = {
				ASSETCATALOG_COMPILER_APPICON_NAME = AppIcon;
				CODE_SIGN_ENTITLEMENTS = CodeQuotaDialWidgetExtension.entitlements;
				CODE_SIGN_STYLE = Automatic;
				CURRENT_PROJECT_VERSION = 1;
				DEVELOPMENT_TEAM = __TEAM_ID__;
				ENABLE_APP_SANDBOX = YES;
				ENABLE_INCOMING_NETWORK_CONNECTIONS = NO;
				ENABLE_OUTGOING_NETWORK_CONNECTIONS = NO;
				ENABLE_RESOURCE_ACCESS_AUDIO_INPUT = NO;
				ENABLE_RESOURCE_ACCESS_BLUETOOTH = NO;
				ENABLE_RESOURCE_ACCESS_CALENDARS = NO;
				ENABLE_RESOURCE_ACCESS_CAMERA = NO;
				ENABLE_RESOURCE_ACCESS_CONTACTS = NO;
				ENABLE_RESOURCE_ACCESS_LOCATION = NO;
				ENABLE_RESOURCE_ACCESS_PRINTING = NO;
				ENABLE_RESOURCE_ACCESS_USB = NO;
				GENERATE_INFOPLIST_FILE = YES;
				INFOPLIST_FILE = CodeQuotaDialWidget/Info.plist;
				INFOPLIST_KEY_CFBundleDisplayName = CodeQuotaDialWidget;
				INFOPLIST_KEY_NSHumanReadableCopyright = "";
				LD_RUNPATH_SEARCH_PATHS = (
					"$(inherited)",
					"@executable_path/../Frameworks",
					"@executable_path/../../../../Frameworks",
				);
				MACOSX_DEPLOYMENT_TARGET = 14.0;
				MARKETING_VERSION = 1.0;
				PRODUCT_BUNDLE_IDENTIFIER = BUPT.CodeQuotaDialXcode.CodeQuotaDialWidget;
				PRODUCT_NAME = "$(TARGET_NAME)";
				REGISTER_APP_GROUPS = YES;
				SDKROOT = macosx;
				SKIP_INSTALL = YES;
				STRING_CATALOG_GENERATE_SYMBOLS = YES;
				SWIFT_APPROACHABLE_CONCURRENCY = YES;
				SWIFT_EMIT_LOC_STRINGS = YES;
				SWIFT_UPCOMING_FEATURE_MEMBER_IMPORT_VISIBILITY = YES;
				SWIFT_VERSION = 5.0;
			};
			name = Debug;
		};
		733BD9532FCFD46A004980CA /* Release */ = {
			isa = XCBuildConfiguration;
			buildSettings = {
				ASSETCATALOG_COMPILER_APPICON_NAME = AppIcon;
				CODE_SIGN_ENTITLEMENTS = CodeQuotaDialWidgetExtension.entitlements;
				CODE_SIGN_STYLE = Automatic;
				CURRENT_PROJECT_VERSION = 1;
				DEVELOPMENT_TEAM = __TEAM_ID__;
				ENABLE_APP_SANDBOX = YES;
				ENABLE_INCOMING_NETWORK_CONNECTIONS = NO;
				ENABLE_OUTGOING_NETWORK_CONNECTIONS = NO;
				ENABLE_RESOURCE_ACCESS_AUDIO_INPUT = NO;
				ENABLE_RESOURCE_ACCESS_BLUETOOTH = NO;
				ENABLE_RESOURCE_ACCESS_CALENDARS = NO;
				ENABLE_RESOURCE_ACCESS_CAMERA = NO;
				ENABLE_RESOURCE_ACCESS_CONTACTS = NO;
				ENABLE_RESOURCE_ACCESS_LOCATION = NO;
				ENABLE_RESOURCE_ACCESS_PRINTING = NO;
				ENABLE_RESOURCE_ACCESS_USB = NO;
				GENERATE_INFOPLIST_FILE = YES;
				INFOPLIST_FILE = CodeQuotaDialWidget/Info.plist;
				INFOPLIST_KEY_CFBundleDisplayName = CodeQuotaDialWidget;
				INFOPLIST_KEY_NSHumanReadableCopyright = "";
				LD_RUNPATH_SEARCH_PATHS = (
					"$(inherited)",
					"@executable_path/../Frameworks",
					"@executable_path/../../../../Frameworks",
				);
				MACOSX_DEPLOYMENT_TARGET = 14.0;
				MARKETING_VERSION = 1.0;
				PRODUCT_BUNDLE_IDENTIFIER = BUPT.CodeQuotaDialXcode.CodeQuotaDialWidget;
				PRODUCT_NAME = "$(TARGET_NAME)";
				REGISTER_APP_GROUPS = YES;
				SDKROOT = macosx;
				SKIP_INSTALL = YES;
				STRING_CATALOG_GENERATE_SYMBOLS = YES;
				SWIFT_APPROACHABLE_CONCURRENCY = YES;
				SWIFT_EMIT_LOC_STRINGS = YES;
				SWIFT_UPCOMING_FEATURE_MEMBER_IMPORT_VISIBILITY = YES;
				SWIFT_VERSION = 5.0;
			};
			name = Release;
		};
/* End XCBuildConfiguration section */

/* Begin XCConfigurationList section */
		733BD9212FCFD2C0004980CA /* Build configuration list for PBXProject "CodeQuotaDialXcode" */ = {
			isa = XCConfigurationList;
			buildConfigurations = (
				733BD92F2FCFD2C1004980CA /* Debug */,
				733BD9302FCFD2C1004980CA /* Release */,
			);
			defaultConfigurationIsVisible = 0;
			defaultConfigurationName = Release;
		};
		733BD9312FCFD2C1004980CA /* Build configuration list for PBXNativeTarget "CodeQuotaDialXcode" */ = {
			isa = XCConfigurationList;
			buildConfigurations = (
				733BD9322FCFD2C1004980CA /* Debug */,
				733BD9332FCFD2C1004980CA /* Release */,
			);
			defaultConfigurationIsVisible = 0;
			defaultConfigurationName = Release;
		};
		733BD9512FCFD46A004980CA /* Build configuration list for PBXNativeTarget "CodeQuotaDialWidgetExtension" */ = {
			isa = XCConfigurationList;
			buildConfigurations = (
				733BD9522FCFD46A004980CA /* Debug */,
				733BD9532FCFD46A004980CA /* Release */,
			);
			defaultConfigurationIsVisible = 0;
			defaultConfigurationName = Release;
		};
/* End XCConfigurationList section */

/* Begin XCLocalSwiftPackageReference section */
		733BD9342FCFD3A3004980CA /* XCLocalSwiftPackageReference ".." */ = {
			isa = XCLocalSwiftPackageReference;
			relativePath = ..;
		};
/* End XCLocalSwiftPackageReference section */

/* Begin XCSwiftPackageProductDependency section */
		C1A0DE112FCFDAC800DCDC5F /* ClaudeQuotaCore */ = {
			isa = XCSwiftPackageProductDependency;
			productName = ClaudeQuotaCore;
		};
		C1A0DE122FCFDAC800DCDC5F /* ClaudeQuotaDialWidget */ = {
			isa = XCSwiftPackageProductDependency;
			productName = ClaudeQuotaDialWidget;
		};
		C0DE10012FCFDAC800DCDC5F /* GLMQuotaCore */ = {
			isa = XCSwiftPackageProductDependency;
			productName = GLMQuotaCore;
		};
		C0DE10022FCFDAC800DCDC5F /* GLMQuotaDialWidget */ = {
			isa = XCSwiftPackageProductDependency;
			productName = GLMQuotaDialWidget;
		};
		AC0DE1012FCFDAC800DCDC5F /* AntigravityQuotaCore */ = {
			isa = XCSwiftPackageProductDependency;
			productName = AntigravityQuotaCore;
		};
		AC0DE1022FCFDAC800DCDC5F /* AntigravityQuotaDialWidget */ = {
			isa = XCSwiftPackageProductDependency;
			productName = AntigravityQuotaDialWidget;
		};
		5AB2A1012FCFDAC800DCDC5F /* Sub2APIQuotaCore */ = {
			isa = XCSwiftPackageProductDependency;
			productName = Sub2APIQuotaCore;
		};
		5AB2A1022FCFDAC800DCDC5F /* Sub2APIQuotaDialWidget */ = {
			isa = XCSwiftPackageProductDependency;
			productName = Sub2APIQuotaDialWidget;
		};
		55A6E1012FCFDAC800DCDC5F /* UsageQuotaCore */ = {
			isa = XCSwiftPackageProductDependency;
			productName = UsageQuotaCore;
		};
			55A6E1022FCFDAC800DCDC5F /* UsageQuotaDialWidget */ = {
				isa = XCSwiftPackageProductDependency;
				productName = UsageQuotaDialWidget;
			};
			515550524F43303100000001 /* QuotaProcessSupport */ = {
				isa = XCSwiftPackageProductDependency;
				productName = QuotaProcessSupport;
			};
			733BD9352FCFD3A3004980CA /* CodexQuotaCore */ = {
			isa = XCSwiftPackageProductDependency;
			productName = CodexQuotaCore;
		};
		733BD9562FD00C1A004980CA /* CodexQuotaDialWidget */ = {
			isa = XCSwiftPackageProductDependency;
			productName = CodexQuotaDialWidget;
		};
/* End XCSwiftPackageProductDependency section */
	};
	rootObject = 733BD91E2FCFD2C0004980CA /* Project object */;
}
